
Microsoft Visual Studio Solution File, Format Version 12.00
Project("{FAE04EC0-301F-11D3-BF4B-00C04F79EFBC}") = "RubikSolver.Console", "src\RubikSolver.Console\RubikSolver.Console.csproj", "{F37EB697-B4D3-4765-997E-7CE76D4AE1C9}"
EndProject
Project("{FAE04EC0-301F-11D3-BF4B-00C04F79EFBC}") = "RubikSolver.Cube2X2.Application", "src\Cube2X2\RubikSolver.Cube2X2.Application\RubikSolver.Cube2X2.Application.csproj", "{FDDA6E6B-1A9A-42DC-A838-CABCD0047C48}"
EndProject
Project("{FAE04EC0-301F-11D3-BF4B-00C04F79EFBC}") = "RubikSolver.Cube2X2.Core", "src\Cube2X2\RubikSolver.Cube2X2.Core\RubikSolver.Cube2X2.Core.csproj", "{6B030317-C9C6-4217-A303-4B941C95E23F}"
EndProject
Project("{FAE04EC0-301F-11D3-BF4B-00C04F79EFBC}") = "RubikSolver.WebInterface", "src\RubikSolver.WebInterface\RubikSolver.WebInterface.csproj", "{C014A828-CDF9-4BCE-8F80-D3BBF16DB9B5}"
EndProject
Project("{FAE04EC0-301F-11D3-BF4B-00C04F79EFBC}") = "RubikSolver.Api", "src\RubikSolver.Api\RubikSolver.Api.csproj", "{5904C13F-0CE6-4C9E-BA83-CF5CEDFCA427}"
EndProject
Project("{2150E333-8FDC-42A3-9474-1A3956D46DE8}") = "src", "src", "{12988B18-6A0D-4A7A-A57F-39CF72045FC2}"
EndProject
Project("{2150E333-8FDC-42A3-9474-1A3956D46DE8}") = "Cube2X2", "Cube2X2", "{D258E183-44B9-4472-9201-40B290B59FE8}"
EndProject
Global
	GlobalSection(SolutionConfigurationPlatforms) = preSolution
		Debug|Any CPU = Debug|Any CPU
		Release|Any CPU = Release|Any CPU
	EndGlobalSection
	GlobalSection(ProjectConfigurationPlatforms) = postSolution
		{F37EB697-B4D3-4765-997E-7CE76D4AE1C9}.Debug|Any CPU.ActiveCfg = Debug|Any CPU
		{F37EB697-B4D3-4765-997E-7CE76D4AE1C9}.Debug|Any CPU.Build.0 = Debug|Any CPU
		{F37EB697-B4D3-4765-997E-7CE76D4AE1C9}.Release|Any CPU.ActiveCfg = Release|Any CPU
		{F37EB697-B4D3-4765-997E-7CE76D4AE1C9}.Release|Any CPU.Build.0 = Release|Any CPU
		{FDDA6E6B-1A9A-42DC-A838-CABCD0047C48}.Debug|Any CPU.ActiveCfg = Debug|Any CPU
		{FDDA6E6B-1A9A-42DC-A838-CABCD0047C48}.Debug|Any CPU.Build.0 = Debug|Any CPU
		{FDDA6E6B-1A9A-42DC-A838-CABCD0047C48}.Release|Any CPU.ActiveCfg = Release|Any CPU
		{FDDA6E6B-1A9A-42DC-A838-CABCD0047C48}.Release|Any CPU.Build.0 = Release|Any CPU
		{6B030317-C9C6-4217-A303-4B941C95E23F}.Debug|Any CPU.ActiveCfg = Debug|Any CPU
		{6B030317-C9C6-4217-A303-4B941C95E23F}.Debug|Any CPU.Build.0 = Debug|Any CPU
		{6B030317-C9C6-4217-A303-4B941C95E23F}.Release|Any CPU.ActiveCfg = Release|Any CPU
		{6B030317-C9C6-4217-A303-4B941C95E23F}.Release|Any CPU.Build.0 = Release|Any CPU
		{C014A828-CDF9-4BCE-8F80-D3BBF16DB9B5}.Debug|Any CPU.ActiveCfg = Debug|Any CPU
		{C014A828-CDF9-4BCE-8F80-D3BBF16DB9B5}.Debug|Any CPU.Build.0 = Debug|Any CPU
		{C014A828-CDF9-4BCE-8F80-D3BBF16DB9B5}.Release|Any CPU.ActiveCfg = Release|Any CPU
		{C014A828-CDF9-4BCE-8F80-D3BBF16DB9B5}.Release|Any CPU.Build.0 = Release|Any CPU
		{5904C13F-0CE6-4C9E-BA83-CF5CEDFCA427}.Debug|Any CPU.ActiveCfg = Debug|Any CPU
		{5904C13F-0CE6-4C9E-BA83-CF5CEDFCA427}.Debug|Any CPU.Build.0 = Debug|Any CPU
		{5904C13F-0CE6-4C9E-BA83-CF5CEDFCA427}.Release|Any CPU.ActiveCfg = Release|Any CPU
		{5904C13F-0CE6-4C9E-BA83-CF5CEDFCA427}.Release|Any CPU.Build.0 = Release|Any CPU
	EndGlobalSection
	GlobalSection(NestedProjects) = preSolution
		{5904C13F-0CE6-4C9E-BA83-CF5CEDFCA427} = {12988B18-6A0D-4A7A-A57F-39CF72045FC2}
		{F37EB697-B4D3-4765-997E-7CE76D4AE1C9} = {12988B18-6A0D-4A7A-A57F-39CF72045FC2}
		{C014A828-CDF9-4BCE-8F80-D3BBF16DB9B5} = {12988B18-6A0D-4A7A-A57F-39CF72045FC2}
		{D258E183-44B9-4472-9201-40B290B59FE8} = {12988B18-6A0D-4A7A-A57F-39CF72045FC2}
		{FDDA6E6B-1A9A-42DC-A838-CABCD0047C48} = {D258E183-44B9-4472-9201-40B290B59FE8}
		{6B030317-C9C6-4217-A303-4B941C95E23F} = {D258E183-44B9-4472-9201-40B290B59FE8}
	EndGlobalSection
EndGlobal
